
Microsoft Visual Studio Solution File, Format Version 12.00
# Visual Studio Version 17
VisualStudioVersion = 17.2.32630.192
MinimumVisualStudioVersion = 10.0.40219.1
Project("{FAE04EC0-301F-11D3-BF4B-00C04F79EFBC}") = "BabyBoiProgramWithExtrraBoi", "BabyBoiProgramWithExtrraBoi\BabyBoiProgramWithExtrraBoi.csproj", "{B9FA6F54-1BB3-4A30-A172-B6E5092EEA4A}"
EndProject
Global
	GlobalSection(SolutionConfigurationPlatforms) = preSolution
		Debug|Any CPU = Debug|Any CPU
		Release|Any CPU = Release|Any CPU
	EndGlobalSection
	GlobalSection(ProjectConfigurationPlatforms) = postSolution
		{B9FA6F54-1BB3-4A30-A172-B6E5092EEA4A}.Debug|Any CPU.ActiveCfg = Debug|Any CPU
		{B9FA6F54-1BB3-4A30-A172-B6E5092EEA4A}.Debug|Any CPU.Build.0 = Debug|Any CPU
		{B9FA6F54-1BB3-4A30-A172-B6E5092EEA4A}.Release|Any CPU.ActiveCfg = Release|Any CPU
		{B9FA6F54-1BB3-4A30-A172-B6E5092EEA4A}.Release|Any CPU.Build.0 = Release|Any CPU
	EndGlobalSection
	GlobalSection(SolutionProperties) = preSolution
		HideSolutionNode = FALSE
	EndGlobalSection
	GlobalSection(ExtensibilityGlobals) = postSolution
		SolutionGuid = {40DAAEA5-2559-4F8C-BDBE-3B5207EE0472}
	EndGlobalSection
EndGlobal
